// !$*UTF8*$!
{
	archiveVersion = 1;
	classes = {
	};
	objectVersion = 46;
	objects = {

/* Begin PBXBuildFile section */
		C93CD8B51CEC493900FDBD3E /* SatelliteViewController.swift in Sources */ = {isa = PBXBuildFile; fileRef = C93CD8B41CEC493900FDBD3E /* SatelliteViewController.swift */; };
		C9B0310F1CEEFF9700E0925E /* default.gif in Resources */ = {isa = PBXBuildFile; fileRef = C9B0310E1CEEFF9700E0925E /* default.gif */; };
		C9BA006E1CEC3EFD008638EA /* AppDelegate.swift in Sources */ = {isa = PBXBuildFile; fileRef = C9BA006D1CEC3EFD008638EA /* AppDelegate.swift */; };
		C9BA00731CEC3EFD008638EA /* Main.storyboard in Resources */ = {isa = PBXBuildFile; fileRef = C9BA00711CEC3EFD008638EA /* Main.storyboard */; };
		C9BA00751CEC3EFD008638EA /* Assets.xcassets in Resources */ = {isa = PBXBuildFile; fileRef = C9BA00741CEC3EFD008638EA /* Assets.xcassets */; };
		C9BA00781CEC3EFD008638EA /* LaunchScreen.storyboard in Resources */ = {isa = PBXBuildFile; fileRef = C9BA00761CEC3EFD008638EA /* LaunchScreen.storyboard */; };
/* End PBXBuildFile section */

/* Begin PBXFileReference section */
		C93CD8B41CEC493900FDBD3E /* SatelliteViewController.swift */ = {isa = PBXFileReference; fileEncoding = 4; lastKnownFileType = sourcecode.swift; path = SatelliteViewController.swift; sourceTree = "<group>"; };
		C9B0310E1CEEFF9700E0925E /* default.gif */ = {isa = PBXFileReference; lastKnownFileType = image.gif; path = default.gif; sourceTree = "<group>"; };
		C9BA006A1CEC3EFD008638EA /* ass3.app */ = {isa = PBXFileReference; explicitFileType = wrapper.application; includeInIndex = 0; path = ass3.app; sourceTree = BUILT_PRODUCTS_DIR; };
		C9BA006D1CEC3EFD008638EA /* AppDelegate.swift */ = {isa = PBXFileReference; lastKnownFileType = sourcecode.swift; path = AppDelegate.swift; sourceTree = "<group>"; };
		C9BA00721CEC3EFD008638EA /* Base */ = {isa = PBXFileReference; lastKnownFileType = file.storyboard; name = Base; path = Base.lproj/Main.storyboard; sourceTree = "<group>"; };
		C9BA00741CEC3EFD008638EA /* Assets.xcassets */ = {isa = PBXFileReference; lastKnownFileType = folder.assetcatalog; path = Assets.xcassets; sourceTree = "<group>"; };
		C9BA00771CEC3EFD008638EA /* Base */ = {isa = PBXFileReference; lastKnownFileType = file.storyboard; name = Base; path = Base.lproj/LaunchScreen.storyboard; sourceTree = "<group>"; };
		C9BA00791CEC3EFD008638EA /* Info.plist */ = {isa = PBXFileReference; lastKnownFileType = text.plist.xml; path = Info.plist; sourceTree = "<group>"; };
/* End PBXFileReference section */

/* Begin PBXFrameworksBuildPhase section */
		C9BA00671CEC3EFD008638EA /* Frameworks */ = {
			isa = PBXFrameworksBuildPhase;
			buildActionMask = 2147483647;
			files = (
			);
			runOnlyForDeploymentPostprocessing = 0;
		};
/* End PBXFrameworksBuildPhase section */

/* Begin PBXGroup section */
		C9BA00611CEC3EFD008638EA = {
			isa = PBXGroup;
			children = (
				C9BA006C1CEC3EFD008638EA /* ass3 */,
				C9BA006B1CEC3EFD008638EA /* Products */,
			);
			sourceTree = "<group>";
		};
		C9BA006B1CEC3EFD008638EA /* Products */ = {
			isa = PBXGroup;
			children = (
				C9BA006A1CEC3EFD008638EA /* ass3.app */,
			);
			name = Products;
			sourceTree = "<group>";
		};
		C9BA006C1CEC3EFD008638EA /* ass3 */ = {
			isa = PBXGroup;
			children = (
				C9B0310E1CEEFF9700E0925E /* default.gif */,
				C9BA006D1CEC3EFD008638EA /* AppDelegate.swift */,
				C9BA00711CEC3EFD008638EA /* Main.storyboard */,
				C9BA00741CEC3EFD008638EA /* Assets.xcassets */,
				C9BA00761CEC3EFD008638EA /* LaunchScreen.storyboard */,
				C9BA00791CEC3EFD008638EA /* Info.plist */,
				C93CD8B41CEC493900FDBD3E /* SatelliteViewController.swift */,
			);
			path = ass3;
			sourceTree = "<group>";
		};
/* End PBXGroup section */

/* Begin PBXNativeTarget section */
		C9BA00691CEC3EFD008638EA /* ass3 */ = {
			isa = PBXNativeTarget;
			buildConfigurationList = C9BA007C1CEC3EFD008638EA /* Build configuration list for PBXNativeTarget "ass3" */;
			buildPhases = (
				C9BA00661CEC3EFD008638EA /* Sources */,
				C9BA00671CEC3EFD008638EA /* Frameworks */,
				C9BA00681CEC3EFD008638EA /* Resources */,
			);
			buildRules = (
			);
			dependencies = (
			);
			name = ass3;
			productName = ass3;
			productReference = C9BA006A1CEC3EFD008638EA /* ass3.app */;
			productType = "com.apple.product-type.application";
		};
/* End PBXNativeTarget section */

/* Begin PBXProject section */
		C9BA00621CEC3EFD008638EA /* Project object */ = {
			isa = PBXProject;
			attributes = {
				LastSwiftUpdateCheck = 0730;
				LastUpgradeCheck = 0730;
				ORGANIZATIONNAME = "Matthew Saliba";
				TargetAttributes = {
					C9BA00691CEC3EFD008638EA = {
						CreatedOnToolsVersion = 7.3.1;
					};
				};
			};
			buildConfigurationList = C9BA00651CEC3EFD008638EA /* Build configuration list for PBXProject "ass3" */;
			compatibilityVersion = "Xcode 3.2";
			developmentRegion = English;
			hasScannedForEncodings = 0;
			knownRegions = (
				en,
				Base,
			);
			mainGroup = C9BA00611CEC3EFD008638EA;
			productRefGroup = C9BA006B1CEC3EFD008638EA /* Products */;
			projectDirPath = "";
			projectRoot = "";
			targets = (
				C9BA00691CEC3EFD008638EA /* ass3 */,
			);
		};
/* End PBXProject section */

/* Begin PBXResourcesBuildPhase section */
		C9BA00681CEC3EFD008638EA /* Resources */ = {
			isa = PBXResourcesBuildPhase;
			buildActionMask = 2147483647;
			files = (
				C9B0310F1CEEFF9700E0925E /* default.gif in Resources */,
				C9BA00781CEC3EFD008638EA /* LaunchScreen.storyboard in Resources */,
				C9BA00751CEC3EFD008638EA /* Assets.xcassets in Resources */,
				C9BA00731CEC3EFD008638EA /* Main.storyboard in Resources */,
			);
			runOnlyForDeploymentPostprocessing = 0;
		};
/* End PBXResourcesBuildPhase section */

/* Begin PBXSourcesBuildPhase section */
		C9BA00661CEC3EFD008638EA /* Sources */ = {
			isa = PBXSourcesBuildPhase;
			buildActionMask = 2147483647;
			files = (
				C93CD8B51CEC493900FDBD3E /* SatelliteViewController.swift in Sources */,
				C9BA006E1CEC3EFD008638EA /* AppDelegate.swift in Sources */,
			);
			runOnlyForDeploymentPostprocessing = 0;
		};
/* End PBXSourcesBuildPhase section */

/* Begin PBXVariantGroup section */
		C9BA00711CEC3EFD008638EA /* Main.storyboard */ = {
			isa = PBXVariantGroup;
			children = (
				C9BA00721CEC3EFD008638EA /* Base */,
			);
			name = Main.storyboard;
			sourceTree = "<group>";
		};
		C9BA00761CEC3EFD008638EA /* LaunchScreen.storyboard */ = {
			isa = PBXVariantGroup;
			children = (
				C9BA00771CEC3EFD008638EA /* Base */,
			);
			name = LaunchScreen.storyboard;
			sourceTree = "<group>";
		};
/* End PBXVariantGroup section */

/* Begin XCBuildConfiguration section */
		C9BA007A1CEC3EFD008638EA /* Debug */ = {
			isa = XCBuildConfiguration;
			buildSettings = {
				ALWAYS_SEARCH_USER_PATHS = NO;
				CLANG_ANALYZER_NONNULL = YES;
				CLANG_CXX_LANGUAGE_STANDARD = "gnu++0x";
				CLANG_CXX_LIBRARY = "libc++";
				CLANG_ENABLE_MODULES = YES;
				CLANG_ENABLE_OBJC_ARC = YES;
				CLANG_WARN_BOOL_CONVERSION = YES;
				CLANG_WARN_CONSTANT_CONVERSION = YES;
				CLANG_WARN_DIRECT_OBJC_ISA_USAGE = YES_ERROR;
				CLANG_WARN_EMPTY_BODY = YES;
				CLANG_WARN_ENUM_CONVERSION = YES;
				CLANG_WARN_INT_CONVERSION = YES;
				CLANG_WARN_OBJC_ROOT_CLASS = YES_ERROR;
				CLANG_WARN_UNREACHABLE_CODE = YES;
				CLANG_WARN__DUPLICATE_METHOD_MATCH = YES;
				"CODE_SIGN_IDENTITY[sdk=iphoneos*]" = "iPhone Developer";
				COPY_PHASE_STRIP = NO;
				DEBUG_INFORMATION_FORMAT = dwarf;
				ENABLE_STRICT_OBJC_MSGSEND = YES;
				ENABLE_TESTABILITY = YES;
				GCC_C_LANGUAGE_STANDARD = gnu99;
				GCC_DYNAMIC_NO_PIC = NO;
				GCC_NO_COMMON_BLOCKS = YES;
				GCC_OPTIMIZATION_LEVEL = 0;
				GCC_PREPROCESSOR_DEFINITIONS = (
					"DEBUG=1",
					"$(inherited)",
				);
				GCC_WARN_64_TO_32_BIT_CONVERSION = YES;
				GCC_WARN_ABOUT_RETURN_TYPE = YES_ERROR;
				GCC_WARN_UNDECLARED_SELECTOR = YES;
				GCC_WARN_UNINITIALIZED_AUTOS = YES_AGGRESSIVE;
				GCC_WARN_UNUSED_FUNCTION = YES;
				GCC_WARN_UNUSED_VARIABLE = YES;
				IPHONEOS_DEPLOYMENT_TARGET = 9.3;
				MTL_ENABLE_DEBUG_INFO = YES;
				ONLY_ACTIVE_ARCH = YES;
				SDKROOT = iphoneos;
				SWIFT_OPTIMIZATION_LEVEL = "-Onone";
				TARGETED_DEVICE_FAMILY = "1,2";
			};
			name = Debug;
		};
		C9BA007B1CEC3EFD008638EA /* Release */ = {
			isa = XCBuildConfiguration;
			buildSettings = {
				ALWAYS_SEARCH_USER_PATHS = NO;
				CLANG_ANALYZER_NONNULL = YES;
				CLANG_CXX_LANGUAGE_STANDARD = "gnu++0x";
				CLANG_CXX_LIBRARY = "libc++";
				CLANG_ENABLE_MODULES = YES;
				CLANG_ENABLE_OBJC_ARC = YES;
				CLANG_WARN_BOOL_CONVERSION = YES;
				CLANG_WARN_CONSTANT_CONVERSION = YES;
				CLANG_WARN_DIRECT_OBJC_ISA_USAGE = YES_ERROR;
				CLANG_WARN_EMPTY_BODY = YES;
				CLANG_WARN_ENUM_CONVERSION = YES;
				CLANG_WARN_INT_CONVERSION = YES;
				CLANG_WARN_OBJC_ROOT_CLASS = YES_ERROR;
				CLANG_WARN_UNREACHABLE_CODE = YES;
				CLANG_WARN__DUPLICATE_METHOD_MATCH = YES;
				"CODE_SIGN_IDENTITY[sdk=iphoneos*]" = "iPhone Developer";
				COPY_PHASE_STRIP = NO;
				DEBUG_INFORMATION_FORMAT = "dwarf-with-dsym";
				ENABLE_NS_ASSERTIONS = NO;
				ENABLE_STRICT_OBJC_MSGSEND = YES;
				GCC_C_LANGUAGE_STANDARD = gnu99;
				GCC_NO_COMMON_BLOCKS = YES;
				GCC_WARN_64_TO_32_BIT_CONVERSION = YES;
				GCC_WARN_ABOUT_RETURN_TYPE = YES_ERROR;
				GCC_WARN_UNDECLARED_SELECTOR = YES;
				GCC_WARN_UNINITIALIZED_AUTOS = YES_AGGRESSIVE;
				GCC_WARN_UNUSED_FUNCTION = YES;
				GCC_WARN_UNUSED_VARIABLE = YES;
				IPHONEOS_DEPLOYMENT_TARGET = 9.3;
				MTL_ENABLE_DEBUG_INFO = NO;
				SDKROOT = iphoneos;
				TARGETED_DEVICE_FAMILY = "1,2";
				VALIDATE_PRODUCT = YES;
			};
			name = Release;
		};
		C9BA007D1CEC3EFD008638EA /* Debug */ = {
			isa = XCBuildConfiguration;
			buildSettings = {
				ASSETCATALOG_COMPILER_APPICON_NAME = AppIcon;
				INFOPLIST_FILE = ass3/Info.plist;
				LD_RUNPATH_SEARCH_PATHS = "$(inherited) @executable_path/Frameworks";
				PRODUCT_BUNDLE_IDENTIFIER = au.edu.au.ass3;
				PRODUCT_NAME = "$(TARGET_NAME)";
			};
			name = Debug;
		};
		C9BA007E1CEC3EFD008638EA /* Release */ = {
			isa = XCBuildConfiguration;
			buildSettings = {
				ASSETCATALOG_COMPILER_APPICON_NAME = AppIcon;
				INFOPLIST_FILE = ass3/Info.plist;
				LD_RUNPATH_SEARCH_PATHS = "$(inherited) @executable_path/Frameworks";
				PRODUCT_BUNDLE_IDENTIFIER = au.edu.au.ass3;
				PRODUCT_NAME = "$(TARGET_NAME)";
			};
			name = Release;
		};
/* End XCBuildConfiguration section */

/* Begin XCConfigurationList section */
		C9BA00651CEC3EFD008638EA /* Build configuration list for PBXProject "ass3" */ = {
			isa = XCConfigurationList;
			buildConfigurations = (
				C9BA007A1CEC3EFD008638EA /* Debug */,
				C9BA007B1CEC3EFD008638EA /* Release */,
			);
			defaultConfigurationIsVisible = 0;
			defaultConfigurationName = Release;
		};
		C9BA007C1CEC3EFD008638EA /* Build configuration list for PBXNativeTarget "ass3" */ = {
			isa = XCConfigurationList;
			buildConfigurations = (
				C9BA007D1CEC3EFD008638EA /* Debug */,
				C9BA007E1CEC3EFD008638EA /* Release */,
			);
			defaultConfigurationIsVisible = 0;
			defaultConfigurationName = Release;
		};
/* End XCConfigurationList section */
	};
	rootObject = C9BA00621CEC3EFD008638EA /* Project object */;
}
